
Microsoft Visual Studio Solution File, Format Version 11.00
# Visual Studio 2010
Project("{FAE04EC0-301F-11D3-BF4B-00C04F79EFBC}") = "TetrisAdventure", "Assembly-CSharp.csproj", "{2C0F235D-6CF7-E288-0FE7-4CC8B7033E8D}"
EndProject
Global
	GlobalSection(SolutionConfigurationPlatforms) = preSolution
		Debug|Any CPU = Debug|Any CPU
		Release|Any CPU = Release|Any CPU
	EndGlobalSection
	GlobalSection(ProjectConfigurationPlatforms) = postSolution
		{2C0F235D-6CF7-E288-0FE7-4CC8B7033E8D}.Debug|Any CPU.ActiveCfg = Debug|Any CPU
		{2C0F235D-6CF7-E288-0FE7-4CC8B7033E8D}.Debug|Any CPU.Build.0 = Debug|Any CPU
		{2C0F235D-6CF7-E288-0FE7-4CC8B7033E8D}.Release|Any CPU.ActiveCfg = Release|Any CPU
		{2C0F235D-6CF7-E288-0FE7-4CC8B7033E8D}.Release|Any CPU.Build.0 = Release|Any CPU
	EndGlobalSection
	GlobalSection(SolutionProperties) = preSolution
		HideSolutionNode = FALSE
	EndGlobalSection
	GlobalSection(MonoDevelopProperties) = preSolution
		StartupItem = Assembly-CSharp.csproj
	EndGlobalSection
EndGlobal
